
Microsoft Visual Studio Solution File, Format Version 12.00
# Visual Studio 15
VisualStudioVersion = 15.0.28307.1321
MinimumVisualStudioVersion = 10.0.40219.1
Project("{FAE04EC0-301F-11D3-BF4B-00C04F79EFBC}") = "Office_Employee_Management_System", "Office_Employee_Management_System\Office_Employee_Management_System.csproj", "{46549162-DE40-49AA-85C5-99CA9BF4DEC8}"
EndProject
Global
	GlobalSection(SolutionConfigurationPlatforms) = preSolution
		Debug|Any CPU = Debug|Any CPU
		Release|Any CPU = Release|Any CPU
	EndGlobalSection
	GlobalSection(ProjectConfigurationPlatforms) = postSolution
		{46549162-DE40-49AA-85C5-99CA9BF4DEC8}.Debug|Any CPU.ActiveCfg = Debug|Any CPU
		{46549162-DE40-49AA-85C5-99CA9BF4DEC8}.Debug|Any CPU.Build.0 = Debug|Any CPU
		{46549162-DE40-49AA-85C5-99CA9BF4DEC8}.Release|Any CPU.ActiveCfg = Release|Any CPU
		{46549162-DE40-49AA-85C5-99CA9BF4DEC8}.Release|Any CPU.Build.0 = Release|Any CPU
	EndGlobalSection
	GlobalSection(SolutionProperties) = preSolution
		HideSolutionNode = FALSE
	EndGlobalSection
	GlobalSection(ExtensibilityGlobals) = postSolution
		SolutionGuid = {B3927437-96FD-4607-A120-0EE0004D9B60}
	EndGlobalSection
EndGlobal
